
Microsoft Visual Studio Solution File, Format Version 12.00
# Visual Studio Version 17
VisualStudioVersion = 17.2.32616.157
MinimumVisualStudioVersion = 10.0.40219.1
Project("{FAE04EC0-301F-11D3-BF4B-00C04F79EFBC}") = "GenericGecko", "GenericGecko.csproj", "{590141FD-EC89-475D-82DA-817DA9AEF04F}"
EndProject
Global
	GlobalSection(SolutionConfigurationPlatforms) = preSolution
		Debug|Any CPU = Debug|Any CPU
		Release|Any CPU = Release|Any CPU
	EndGlobalSection
	GlobalSection(ProjectConfigurationPlatforms) = postSolution
		{590141FD-EC89-475D-82DA-817DA9AEF04F}.Debug|Any CPU.ActiveCfg = Debug|Any CPU
		{590141FD-EC89-475D-82DA-817DA9AEF04F}.Debug|Any CPU.Build.0 = Debug|Any CPU
		{590141FD-EC89-475D-82DA-817DA9AEF04F}.Release|Any CPU.ActiveCfg = Release|Any CPU
		{590141FD-EC89-475D-82DA-817DA9AEF04F}.Release|Any CPU.Build.0 = Release|Any CPU
	EndGlobalSection
	GlobalSection(SolutionProperties) = preSolution
		HideSolutionNode = FALSE
	EndGlobalSection
	GlobalSection(ExtensibilityGlobals) = postSolution
		SolutionGuid = {E8FA2466-E147-4FF6-AB19-E298265ABD56}
	EndGlobalSection
EndGlobal
